
Microsoft Visual Studio Solution File, Format Version 12.00
# Visual Studio Version 17
VisualStudioVersion = 17.13.35931.197 d17.13
MinimumVisualStudioVersion = 10.0.40219.1
Project("{FAE04EC0-301F-11D3-BF4B-00C04F79EFBC}") = "Operatörler2", "Operatörler2\Operatörler2.csproj", "{2141ECED-93F5-46EA-9123-5B23DB5E4DDF}"
EndProject
Global
	GlobalSection(SolutionConfigurationPlatforms) = preSolution
		Debug|Any CPU = Debug|Any CPU
		Release|Any CPU = Release|Any CPU
	EndGlobalSection
	GlobalSection(ProjectConfigurationPlatforms) = postSolution
		{2141ECED-93F5-46EA-9123-5B23DB5E4DDF}.Debug|Any CPU.ActiveCfg = Debug|Any CPU
		{2141ECED-93F5-46EA-9123-5B23DB5E4DDF}.Debug|Any CPU.Build.0 = Debug|Any CPU
		{2141ECED-93F5-46EA-9123-5B23DB5E4DDF}.Release|Any CPU.ActiveCfg = Release|Any CPU
		{2141ECED-93F5-46EA-9123-5B23DB5E4DDF}.Release|Any CPU.Build.0 = Release|Any CPU
	EndGlobalSection
	GlobalSection(SolutionProperties) = preSolution
		HideSolutionNode = FALSE
	EndGlobalSection
	GlobalSection(ExtensibilityGlobals) = postSolution
		SolutionGuid = {FE63019B-3664-40E8-B29D-8E647F5DF6C1}
	EndGlobalSection
EndGlobal
